Microsoft Visual Studio Solution File, Format Version 11.00
# Visual Studio 2010
Project("{F184B08F-C81C-45F6-A57F-5ABD9991F28F}") = "E4864", "E4864\E4864.vbproj", "{E016F630-257B-494A-B383-A55D04407245}"
EndProject
Global
	GlobalSection(SolutionConfigurationPlatforms) = preSolution
		Debug|Any CPU = Debug|Any CPU
		Release|Any CPU = Release|Any CPU
	EndGlobalSection
	GlobalSection(ProjectConfigurationPlatforms) = postSolution
		{E016F630-257B-494A-B383-A55D04407245}.Debug|Any CPU.ActiveCfg = Debug|Any CPU
		{E016F630-257B-494A-B383-A55D04407245}.Debug|Any CPU.Build.0 = Debug|Any CPU
		{E016F630-257B-494A-B383-A55D04407245}.Release|Any CPU.ActiveCfg = Release|Any CPU
		{E016F630-257B-494A-B383-A55D04407245}.Release|Any CPU.Build.0 = Release|Any CPU
	EndGlobalSection
	GlobalSection(SolutionProperties) = preSolution
		HideSolutionNode = FALSE
	EndGlobalSection
EndGlobal
